// !$*UTF8*$!
{
	archiveVersion = 1;
	classes = {
	};
	objectVersion = 50;
	objects = {

/* Begin PBXBuildFile section */
		0B4ED7F621B7933100A8F48B /* Day5.swift in Sources */ = {isa = PBXBuildFile; fileRef = 0B4ED7F521B7933100A8F48B /* Day5.swift */; };
		0B4ED7F821B7935300A8F48B /* Day5Input.swift in Sources */ = {isa = PBXBuildFile; fileRef = 0B4ED7F721B7935300A8F48B /* Day5Input.swift */; };
		0B4ED7FA21B8E45400A8F48B /* Day6.swift in Sources */ = {isa = PBXBuildFile; fileRef = 0B4ED7F921B8E45400A8F48B /* Day6.swift */; };
		0B4ED7FC21B8E45B00A8F48B /* Day6Input.swift in Sources */ = {isa = PBXBuildFile; fileRef = 0B4ED7FB21B8E45B00A8F48B /* Day6Input.swift */; };
		0B4ED7FE21BB04EA00A8F48B /* Day7Input.swift in Sources */ = {isa = PBXBuildFile; fileRef = 0B4ED7FD21BB04EA00A8F48B /* Day7Input.swift */; };
		0B4ED80021BB04F400A8F48B /* Day7.swift in Sources */ = {isa = PBXBuildFile; fileRef = 0B4ED7FF21BB04F400A8F48B /* Day7.swift */; };
		0B4ED80221BB871800A8F48B /* Day8.swift in Sources */ = {isa = PBXBuildFile; fileRef = 0B4ED80121BB871800A8F48B /* Day8.swift */; };
		0B4ED80421BB872F00A8F48B /* Day9Input.swift in Sources */ = {isa = PBXBuildFile; fileRef = 0B4ED80321BB872F00A8F48B /* Day9Input.swift */; };
		0B4ED80621BCD80200A8F48B /* Day9.swift in Sources */ = {isa = PBXBuildFile; fileRef = 0B4ED80521BCD80200A8F48B /* Day9.swift */; };
		0B4ED80821BCD82100A8F48B /* Day8Input.swift in Sources */ = {isa = PBXBuildFile; fileRef = 0B4ED80721BCD82100A8F48B /* Day8Input.swift */; };
		0B4ED80A21BE317700A8F48B /* Day10.swift in Sources */ = {isa = PBXBuildFile; fileRef = 0B4ED80921BE317600A8F48B /* Day10.swift */; };
		0B4ED80C21BE319600A8F48B /* Day10Input.swift in Sources */ = {isa = PBXBuildFile; fileRef = 0B4ED80B21BE319600A8F48B /* Day10Input.swift */; };
		0B4ED80E21BF7B0400A8F48B /* Day11.swift in Sources */ = {isa = PBXBuildFile; fileRef = 0B4ED80D21BF7B0400A8F48B /* Day11.swift */; };
		0B4ED81021BF7B1900A8F48B /* Day11Input.swift in Sources */ = {isa = PBXBuildFile; fileRef = 0B4ED80F21BF7B1900A8F48B /* Day11Input.swift */; };
		0B4ED81221C115C100A8F48B /* Day12.swift in Sources */ = {isa = PBXBuildFile; fileRef = 0B4ED81121C115C100A8F48B /* Day12.swift */; };
		0B4ED81421C115D700A8F48B /* Day12Input.swift in Sources */ = {isa = PBXBuildFile; fileRef = 0B4ED81321C115D600A8F48B /* Day12Input.swift */; };
		0B4ED81621C25EBD00A8F48B /* Day13.swift in Sources */ = {isa = PBXBuildFile; fileRef = 0B4ED81521C25EBD00A8F48B /* Day13.swift */; };
		0B4ED81821C25ED600A8F48B /* Day13Input.swift in Sources */ = {isa = PBXBuildFile; fileRef = 0B4ED81721C25ED600A8F48B /* Day13Input.swift */; };
		0B4ED81A21C63F0A00A8F48B /* Day14.swift in Sources */ = {isa = PBXBuildFile; fileRef = 0B4ED81921C63F0A00A8F48B /* Day14.swift */; };
		0B4ED81C21C6E8FF00A8F48B /* Day15.swift in Sources */ = {isa = PBXBuildFile; fileRef = 0B4ED81B21C6E8FF00A8F48B /* Day15.swift */; };
		0B4ED81E21C6ECC900A8F48B /* Day15Input.swift in Sources */ = {isa = PBXBuildFile; fileRef = 0B4ED81D21C6ECC900A8F48B /* Day15Input.swift */; };
		0B5AD27421D07D9700890CCF /* Day20.swift in Sources */ = {isa = PBXBuildFile; fileRef = 0B5AD27321D07D9700890CCF /* Day20.swift */; };
		0B5AD27621D07DA100890CCF /* Day20Input.swift in Sources */ = {isa = PBXBuildFile; fileRef = 0B5AD27521D07DA100890CCF /* Day20Input.swift */; };
		0B765E8F21CA266E00CC325F /* Day16.swift in Sources */ = {isa = PBXBuildFile; fileRef = 0B765E8E21CA266E00CC325F /* Day16.swift */; };
		0B765E9121CA2BD100CC325F /* Day16Input.swift in Sources */ = {isa = PBXBuildFile; fileRef = 0B765E9021CA2BD100CC325F /* Day16Input.swift */; };
		0B9885A621CF35FF004C50FE /* Day19.swift in Sources */ = {isa = PBXBuildFile; fileRef = 0B9885A521CF35FF004C50FE /* Day19.swift */; };
		0B9885A821CF361C004C50FE /* Day19Input.swift in Sources */ = {isa = PBXBuildFile; fileRef = 0B9885A721CF361C004C50FE /* Day19Input.swift */; };
		0BCA711A21CEF9D4004D89F2 /* Day18.swift in Sources */ = {isa = PBXBuildFile; fileRef = 0BCA711921CEF9D4004D89F2 /* Day18.swift */; };
		0BCA711C21CEFACE004D89F2 /* Day18Input.swift in Sources */ = {isa = PBXBuildFile; fileRef = 0BCA711B21CEFACE004D89F2 /* Day18Input.swift */; };
		0BCEB45F21CB86770065AD10 /* Day17.swift in Sources */ = {isa = PBXBuildFile; fileRef = 0BCEB45E21CB86770065AD10 /* Day17.swift */; };
		0BCEB46121CB86DA0065AD10 /* Day17Input.swift in Sources */ = {isa = PBXBuildFile; fileRef = 0BCEB46021CB86DA0065AD10 /* Day17Input.swift */; };
		0BD704D921B27A1C007D72CF /* main.swift in Sources */ = {isa = PBXBuildFile; fileRef = 0BD704D821B27A1C007D72CF /* main.swift */; };
		0BD704E921B27A92007D72CF /* TailoredDispatch.swift in Sources */ = {isa = PBXBuildFile; fileRef = 0BD704E021B27A92007D72CF /* TailoredDispatch.swift */; };
		0BD704EA21B27A92007D72CF /* Collections.swift in Sources */ = {isa = PBXBuildFile; fileRef = 0BD704E121B27A92007D72CF /* Collections.swift */; };
		0BD704EB21B27A92007D72CF /* TailoredMath.swift in Sources */ = {isa = PBXBuildFile; fileRef = 0BD704E221B27A92007D72CF /* TailoredMath.swift */; };
		0BD704EC21B27A92007D72CF /* Tailored.swift in Sources */ = {isa = PBXBuildFile; fileRef = 0BD704E321B27A92007D72CF /* Tailored.swift */; };
		0BD704ED21B27A92007D72CF /* TailoredCollections.swift in Sources */ = {isa = PBXBuildFile; fileRef = 0BD704E421B27A92007D72CF /* TailoredCollections.swift */; };
		0BD704EE21B27A92007D72CF /* Day1.swift in Sources */ = {isa = PBXBuildFile; fileRef = 0BD704E621B27A92007D72CF /* Day1.swift */; };
		0BD704EF21B27A92007D72CF /* Day1Input.swift in Sources */ = {isa = PBXBuildFile; fileRef = 0BD704E821B27A92007D72CF /* Day1Input.swift */; };
		0BD704F421B39345007D72CF /* Day2.swift in Sources */ = {isa = PBXBuildFile; fileRef = 0BD704F321B39345007D72CF /* Day2.swift */; };
		0BD704F821B39364007D72CF /* Day2Input.swift in Sources */ = {isa = PBXBuildFile; fileRef = 0BD704F721B39364007D72CF /* Day2Input.swift */; };
		0BD704FF21B51CED007D72CF /* Day3.swift in Sources */ = {isa = PBXBuildFile; fileRef = 0BD704FE21B51CED007D72CF /* Day3.swift */; };
		0BD7050121B51CF8007D72CF /* Day3Input.swift in Sources */ = {isa = PBXBuildFile; fileRef = 0BD7050021B51CF8007D72CF /* Day3Input.swift */; };
		0BD7050321B5208B007D72CF /* ParsingHacks.swift in Sources */ = {isa = PBXBuildFile; fileRef = 0BD7050221B5208B007D72CF /* ParsingHacks.swift */; };
		0BD7050521B520E7007D72CF /* GeometryHacks.swift in Sources */ = {isa = PBXBuildFile; fileRef = 0BD7050421B520E7007D72CF /* GeometryHacks.swift */; };
		0BD7050721B66284007D72CF /* Day4.swift in Sources */ = {isa = PBXBuildFile; fileRef = 0BD7050621B66284007D72CF /* Day4.swift */; };
		0BD7050921B662AE007D72CF /* Day4Input.swift in Sources */ = {isa = PBXBuildFile; fileRef = 0BD7050821B662AE007D72CF /* Day4Input.swift */; };
		0BD7050C21B7300A007D72CF /* DebugHacks.swift in Sources */ = {isa = PBXBuildFile; fileRef = 0BD7050B21B7300A007D72CF /* DebugHacks.swift */; };
/* End PBXBuildFile section */

/* Begin PBXCopyFilesBuildPhase section */
		0BD704D321B27A1C007D72CF /* CopyFiles */ = {
			isa = PBXCopyFilesBuildPhase;
			buildActionMask = 2147483647;
			dstPath = /usr/share/man/man1/;
			dstSubfolderSpec = 0;
			files = (
			);
			runOnlyForDeploymentPostprocessing = 1;
		};
/* End PBXCopyFilesBuildPhase section */

/* Begin PBXFileReference section */
		0B4ED7F521B7933100A8F48B /* Day5.swift */ = {isa = PBXFileReference; lastKnownFileType = sourcecode.swift; path = Day5.swift; sourceTree = "<group>"; };
		0B4ED7F721B7935300A8F48B /* Day5Input.swift */ = {isa = PBXFileReference; lastKnownFileType = sourcecode.swift; path = Day5Input.swift; sourceTree = "<group>"; };
		0B4ED7F921B8E45400A8F48B /* Day6.swift */ = {isa = PBXFileReference; lastKnownFileType = sourcecode.swift; path = Day6.swift; sourceTree = "<group>"; };
		0B4ED7FB21B8E45B00A8F48B /* Day6Input.swift */ = {isa = PBXFileReference; lastKnownFileType = sourcecode.swift; path = Day6Input.swift; sourceTree = "<group>"; };
		0B4ED7FD21BB04EA00A8F48B /* Day7Input.swift */ = {isa = PBXFileReference; lastKnownFileType = sourcecode.swift; path = Day7Input.swift; sourceTree = "<group>"; };
		0B4ED7FF21BB04F400A8F48B /* Day7.swift */ = {isa = PBXFileReference; lastKnownFileType = sourcecode.swift; path = Day7.swift; sourceTree = "<group>"; };
		0B4ED80121BB871800A8F48B /* Day8.swift */ = {isa = PBXFileReference; lastKnownFileType = sourcecode.swift; path = Day8.swift; sourceTree = "<group>"; };
		0B4ED80321BB872F00A8F48B /* Day9Input.swift */ = {isa = PBXFileReference; lastKnownFileType = sourcecode.swift; path = Day9Input.swift; sourceTree = "<group>"; };
		0B4ED80521BCD80200A8F48B /* Day9.swift */ = {isa = PBXFileReference; lastKnownFileType = sourcecode.swift; path = Day9.swift; sourceTree = "<group>"; };
		0B4ED80721BCD82100A8F48B /* Day8Input.swift */ = {isa = PBXFileReference; lastKnownFileType = sourcecode.swift; name = Day8Input.swift; path = ../Day8Input.swift; sourceTree = "<group>"; };
		0B4ED80921BE317600A8F48B /* Day10.swift */ = {isa = PBXFileReference; lastKnownFileType = sourcecode.swift; path = Day10.swift; sourceTree = "<group>"; };
		0B4ED80B21BE319600A8F48B /* Day10Input.swift */ = {isa = PBXFileReference; lastKnownFileType = sourcecode.swift; path = Day10Input.swift; sourceTree = "<group>"; };
		0B4ED80D21BF7B0400A8F48B /* Day11.swift */ = {isa = PBXFileReference; lastKnownFileType = sourcecode.swift; path = Day11.swift; sourceTree = "<group>"; };
		0B4ED80F21BF7B1900A8F48B /* Day11Input.swift */ = {isa = PBXFileReference; lastKnownFileType = sourcecode.swift; path = Day11Input.swift; sourceTree = "<group>"; };
		0B4ED81121C115C100A8F48B /* Day12.swift */ = {isa = PBXFileReference; lastKnownFileType = sourcecode.swift; path = Day12.swift; sourceTree = "<group>"; };
		0B4ED81321C115D600A8F48B /* Day12Input.swift */ = {isa = PBXFileReference; lastKnownFileType = sourcecode.swift; path = Day12Input.swift; sourceTree = "<group>"; };
		0B4ED81521C25EBD00A8F48B /* Day13.swift */ = {isa = PBXFileReference; lastKnownFileType = sourcecode.swift; path = Day13.swift; sourceTree = "<group>"; };
		0B4ED81721C25ED600A8F48B /* Day13Input.swift */ = {isa = PBXFileReference; lastKnownFileType = sourcecode.swift; path = Day13Input.swift; sourceTree = "<group>"; };
		0B4ED81921C63F0A00A8F48B /* Day14.swift */ = {isa = PBXFileReference; lastKnownFileType = sourcecode.swift; path = Day14.swift; sourceTree = "<group>"; };
		0B4ED81B21C6E8FF00A8F48B /* Day15.swift */ = {isa = PBXFileReference; lastKnownFileType = sourcecode.swift; path = Day15.swift; sourceTree = "<group>"; };
		0B4ED81D21C6ECC900A8F48B /* Day15Input.swift */ = {isa = PBXFileReference; lastKnownFileType = sourcecode.swift; path = Day15Input.swift; sourceTree = "<group>"; };
		0B5AD27321D07D9700890CCF /* Day20.swift */ = {isa = PBXFileReference; lastKnownFileType = sourcecode.swift; path = Day20.swift; sourceTree = "<group>"; };
		0B5AD27521D07DA100890CCF /* Day20Input.swift */ = {isa = PBXFileReference; lastKnownFileType = sourcecode.swift; path = Day20Input.swift; sourceTree = "<group>"; };
		0B765E8E21CA266E00CC325F /* Day16.swift */ = {isa = PBXFileReference; lastKnownFileType = sourcecode.swift; path = Day16.swift; sourceTree = "<group>"; };
		0B765E9021CA2BD100CC325F /* Day16Input.swift */ = {isa = PBXFileReference; lastKnownFileType = sourcecode.swift; path = Day16Input.swift; sourceTree = "<group>"; };
		0B9885A521CF35FF004C50FE /* Day19.swift */ = {isa = PBXFileReference; lastKnownFileType = sourcecode.swift; path = Day19.swift; sourceTree = "<group>"; };
		0B9885A721CF361C004C50FE /* Day19Input.swift */ = {isa = PBXFileReference; lastKnownFileType = sourcecode.swift; path = Day19Input.swift; sourceTree = "<group>"; };
		0BCA711921CEF9D4004D89F2 /* Day18.swift */ = {isa = PBXFileReference; lastKnownFileType = sourcecode.swift; path = Day18.swift; sourceTree = "<group>"; };
		0BCA711B21CEFACE004D89F2 /* Day18Input.swift */ = {isa = PBXFileReference; lastKnownFileType = sourcecode.swift; path = Day18Input.swift; sourceTree = "<group>"; };
		0BCEB45E21CB86770065AD10 /* Day17.swift */ = {isa = PBXFileReference; lastKnownFileType = sourcecode.swift; path = Day17.swift; sourceTree = "<group>"; };
		0BCEB46021CB86DA0065AD10 /* Day17Input.swift */ = {isa = PBXFileReference; lastKnownFileType = sourcecode.swift; path = Day17Input.swift; sourceTree = "<group>"; };
		0BD704D521B27A1C007D72CF /* AdventOfCode - Swift 2018 */ = {isa = PBXFileReference; explicitFileType = "compiled.mach-o.executable"; includeInIndex = 0; path = "AdventOfCode - Swift 2018"; sourceTree = BUILT_PRODUCTS_DIR; };
		0BD704D821B27A1C007D72CF /* main.swift */ = {isa = PBXFileReference; lastKnownFileType = sourcecode.swift; path = main.swift; sourceTree = "<group>"; };
		0BD704E021B27A92007D72CF /* TailoredDispatch.swift */ = {isa = PBXFileReference; fileEncoding = 4; lastKnownFileType = sourcecode.swift; path = TailoredDispatch.swift; sourceTree = "<group>"; };
		0BD704E121B27A92007D72CF /* Collections.swift */ = {isa = PBXFileReference; fileEncoding = 4; lastKnownFileType = sourcecode.swift; path = Collections.swift; sourceTree = "<group>"; };
		0BD704E221B27A92007D72CF /* TailoredMath.swift */ = {isa = PBXFileReference; fileEncoding = 4; lastKnownFileType = sourcecode.swift; path = TailoredMath.swift; sourceTree = "<group>"; };
		0BD704E321B27A92007D72CF /* Tailored.swift */ = {isa = PBXFileReference; fileEncoding = 4; lastKnownFileType = sourcecode.swift; path = Tailored.swift; sourceTree = "<group>"; };
		0BD704E421B27A92007D72CF /* TailoredCollections.swift */ = {isa = PBXFileReference; fileEncoding = 4; lastKnownFileType = sourcecode.swift; path = TailoredCollections.swift; sourceTree = "<group>"; };
		0BD704E621B27A92007D72CF /* Day1.swift */ = {isa = PBXFileReference; fileEncoding = 4; lastKnownFileType = sourcecode.swift; path = Day1.swift; sourceTree = "<group>"; };
		0BD704E821B27A92007D72CF /* Day1Input.swift */ = {isa = PBXFileReference; fileEncoding = 4; lastKnownFileType = sourcecode.swift; path = Day1Input.swift; sourceTree = "<group>"; };
		0BD704F321B39345007D72CF /* Day2.swift */ = {isa = PBXFileReference; lastKnownFileType = sourcecode.swift; path = Day2.swift; sourceTree = "<group>"; };
		0BD704F721B39364007D72CF /* Day2Input.swift */ = {isa = PBXFileReference; lastKnownFileType = sourcecode.swift; path = Day2Input.swift; sourceTree = "<group>"; };
		0BD704FE21B51CED007D72CF /* Day3.swift */ = {isa = PBXFileReference; lastKnownFileType = sourcecode.swift; path = Day3.swift; sourceTree = "<group>"; };
		0BD7050021B51CF8007D72CF /* Day3Input.swift */ = {isa = PBXFileReference; lastKnownFileType = sourcecode.swift; path = Day3Input.swift; sourceTree = "<group>"; };
		0BD7050221B5208B007D72CF /* ParsingHacks.swift */ = {isa = PBXFileReference; lastKnownFileType = sourcecode.swift; path = ParsingHacks.swift; sourceTree = "<group>"; };
		0BD7050421B520E7007D72CF /* GeometryHacks.swift */ = {isa = PBXFileReference; lastKnownFileType = sourcecode.swift; path = GeometryHacks.swift; sourceTree = "<group>"; };
		0BD7050621B66284007D72CF /* Day4.swift */ = {isa = PBXFileReference; lastKnownFileType = sourcecode.swift; path = Day4.swift; sourceTree = "<group>"; };
		0BD7050821B662AE007D72CF /* Day4Input.swift */ = {isa = PBXFileReference; lastKnownFileType = sourcecode.swift; path = Day4Input.swift; sourceTree = "<group>"; };
		0BD7050B21B7300A007D72CF /* DebugHacks.swift */ = {isa = PBXFileReference; lastKnownFileType = sourcecode.swift; path = DebugHacks.swift; sourceTree = "<group>"; };
/* End PBXFileReference section */

/* Begin PBXFrameworksBuildPhase section */
		0BD704D221B27A1C007D72CF /* Frameworks */ = {
			isa = PBXFrameworksBuildPhase;
			buildActionMask = 2147483647;
			files = (
			);
			runOnlyForDeploymentPostprocessing = 0;
		};
/* End PBXFrameworksBuildPhase section */

/* Begin PBXGroup section */
		0BD704CC21B27A1C007D72CF = {
			isa = PBXGroup;
			children = (
				0BD704D721B27A1C007D72CF /* AdventOfCode - Swift 2018 */,
				0BD704D621B27A1C007D72CF /* Products */,
			);
			sourceTree = "<group>";
		};
		0BD704D621B27A1C007D72CF /* Products */ = {
			isa = PBXGroup;
			children = (
				0BD704D521B27A1C007D72CF /* AdventOfCode - Swift 2018 */,
			);
			name = Products;
			sourceTree = "<group>";
		};
		0BD704D721B27A1C007D72CF /* AdventOfCode - Swift 2018 */ = {
			isa = PBXGroup;
			children = (
				0BD704D821B27A1C007D72CF /* main.swift */,
				0BD704F021B2877D007D72CF /* AOCHacks */,
				0BD704E521B27A92007D72CF /* Days */,
				0BD704E721B27A92007D72CF /* Inputs */,
				0BD704DF21B27A92007D72CF /* Tailorings */,
			);
			path = "AdventOfCode - Swift 2018";
			sourceTree = "<group>";
		};
		0BD704DF21B27A92007D72CF /* Tailorings */ = {
			isa = PBXGroup;
			children = (
				0BD704E021B27A92007D72CF /* TailoredDispatch.swift */,
				0BD704E121B27A92007D72CF /* Collections.swift */,
				0BD704E221B27A92007D72CF /* TailoredMath.swift */,
				0BD704E321B27A92007D72CF /* Tailored.swift */,
				0BD704E421B27A92007D72CF /* TailoredCollections.swift */,
			);
			path = Tailorings;
			sourceTree = "<group>";
		};
		0BD704E521B27A92007D72CF /* Days */ = {
			isa = PBXGroup;
			children = (
				0BD704E621B27A92007D72CF /* Day1.swift */,
				0BD704F321B39345007D72CF /* Day2.swift */,
				0BD704FE21B51CED007D72CF /* Day3.swift */,
				0BD7050621B66284007D72CF /* Day4.swift */,
				0B4ED7F521B7933100A8F48B /* Day5.swift */,
				0B4ED7F921B8E45400A8F48B /* Day6.swift */,
				0B4ED7FF21BB04F400A8F48B /* Day7.swift */,
				0B4ED80121BB871800A8F48B /* Day8.swift */,
				0B4ED80521BCD80200A8F48B /* Day9.swift */,
				0B4ED80921BE317600A8F48B /* Day10.swift */,
				0B4ED80D21BF7B0400A8F48B /* Day11.swift */,
				0B4ED81121C115C100A8F48B /* Day12.swift */,
				0B4ED81521C25EBD00A8F48B /* Day13.swift */,
				0B4ED81921C63F0A00A8F48B /* Day14.swift */,
				0B4ED81B21C6E8FF00A8F48B /* Day15.swift */,
				0B765E8E21CA266E00CC325F /* Day16.swift */,
				0BCEB45E21CB86770065AD10 /* Day17.swift */,
				0BCA711921CEF9D4004D89F2 /* Day18.swift */,
				0B9885A521CF35FF004C50FE /* Day19.swift */,
				0B5AD27321D07D9700890CCF /* Day20.swift */,
			);
			path = Days;
			sourceTree = "<group>";
		};
		0BD704E721B27A92007D72CF /* Inputs */ = {
			isa = PBXGroup;
			children = (
				0BD704E821B27A92007D72CF /* Day1Input.swift */,
				0BD704F721B39364007D72CF /* Day2Input.swift */,
				0BD7050021B51CF8007D72CF /* Day3Input.swift */,
				0BD7050821B662AE007D72CF /* Day4Input.swift */,
				0B4ED7F721B7935300A8F48B /* Day5Input.swift */,
				0B4ED7FB21B8E45B00A8F48B /* Day6Input.swift */,
				0B4ED7FD21BB04EA00A8F48B /* Day7Input.swift */,
				0B4ED80721BCD82100A8F48B /* Day8Input.swift */,
				0B4ED80321BB872F00A8F48B /* Day9Input.swift */,
				0B4ED80B21BE319600A8F48B /* Day10Input.swift */,
				0B4ED80F21BF7B1900A8F48B /* Day11Input.swift */,
				0B4ED81321C115D600A8F48B /* Day12Input.swift */,
				0B4ED81721C25ED600A8F48B /* Day13Input.swift */,
				0B4ED81D21C6ECC900A8F48B /* Day15Input.swift */,
				0B765E9021CA2BD100CC325F /* Day16Input.swift */,
				0BCEB46021CB86DA0065AD10 /* Day17Input.swift */,
				0BCA711B21CEFACE004D89F2 /* Day18Input.swift */,
				0B9885A721CF361C004C50FE /* Day19Input.swift */,
				0B5AD27521D07DA100890CCF /* Day20Input.swift */,
			);
			path = Inputs;
			sourceTree = "<group>";
		};
		0BD704F021B2877D007D72CF /* AOCHacks */ = {
			isa = PBXGroup;
			children = (
				0BD7050221B5208B007D72CF /* ParsingHacks.swift */,
				0BD7050421B520E7007D72CF /* GeometryHacks.swift */,
				0BD7050B21B7300A007D72CF /* DebugHacks.swift */,
			);
			path = AOCHacks;
			sourceTree = "<group>";
		};
/* End PBXGroup section */

/* Begin PBXNativeTarget section */
		0BD704D421B27A1C007D72CF /* AdventOfCode - Swift 2018 */ = {
			isa = PBXNativeTarget;
			buildConfigurationList = 0BD704DC21B27A1C007D72CF /* Build configuration list for PBXNativeTarget "AdventOfCode - Swift 2018" */;
			buildPhases = (
				0BD704D121B27A1C007D72CF /* Sources */,
				0BD704D221B27A1C007D72CF /* Frameworks */,
				0BD704D321B27A1C007D72CF /* CopyFiles */,
			);
			buildRules = (
			);
			dependencies = (
			);
			name = "AdventOfCode - Swift 2018";
			productName = "AdventOfCode - Swift 2018";
			productReference = 0BD704D521B27A1C007D72CF /* AdventOfCode - Swift 2018 */;
			productType = "com.apple.product-type.tool";
		};
/* End PBXNativeTarget section */

/* Begin PBXProject section */
		0BD704CD21B27A1C007D72CF /* Project object */ = {
			isa = PBXProject;
			attributes = {
				LastSwiftUpdateCheck = 1010;
				LastUpgradeCheck = 1010;
				ORGANIZATIONNAME = "Chris Hawkins";
				TargetAttributes = {
					0BD704D421B27A1C007D72CF = {
						CreatedOnToolsVersion = 10.1;
					};
				};
			};
			buildConfigurationList = 0BD704D021B27A1C007D72CF /* Build configuration list for PBXProject "AdventOfCode - Swift 2018" */;
			compatibilityVersion = "Xcode 9.3";
			developmentRegion = en;
			hasScannedForEncodings = 0;
			knownRegions = (
				en,
			);
			mainGroup = 0BD704CC21B27A1C007D72CF;
			productRefGroup = 0BD704D621B27A1C007D72CF /* Products */;
			projectDirPath = "";
			projectRoot = "";
			targets = (
				0BD704D421B27A1C007D72CF /* AdventOfCode - Swift 2018 */,
			);
		};
/* End PBXProject section */

/* Begin PBXSourcesBuildPhase section */
		0BD704D121B27A1C007D72CF /* Sources */ = {
			isa = PBXSourcesBuildPhase;
			buildActionMask = 2147483647;
			files = (
				0B4ED7FE21BB04EA00A8F48B /* Day7Input.swift in Sources */,
				0BD704EC21B27A92007D72CF /* Tailored.swift in Sources */,
				0B4ED7F621B7933100A8F48B /* Day5.swift in Sources */,
				0B4ED7FC21B8E45B00A8F48B /* Day6Input.swift in Sources */,
				0B4ED81821C25ED600A8F48B /* Day13Input.swift in Sources */,
				0B4ED81C21C6E8FF00A8F48B /* Day15.swift in Sources */,
				0B9885A621CF35FF004C50FE /* Day19.swift in Sources */,
				0B4ED80021BB04F400A8F48B /* Day7.swift in Sources */,
				0BD704FF21B51CED007D72CF /* Day3.swift in Sources */,
				0B4ED81221C115C100A8F48B /* Day12.swift in Sources */,
				0B4ED80421BB872F00A8F48B /* Day9Input.swift in Sources */,
				0BD704EF21B27A92007D72CF /* Day1Input.swift in Sources */,
				0BD704F421B39345007D72CF /* Day2.swift in Sources */,
				0BD7050521B520E7007D72CF /* GeometryHacks.swift in Sources */,
				0BD704ED21B27A92007D72CF /* TailoredCollections.swift in Sources */,
				0B4ED80221BB871800A8F48B /* Day8.swift in Sources */,
				0B4ED80A21BE317700A8F48B /* Day10.swift in Sources */,
				0BD7050721B66284007D72CF /* Day4.swift in Sources */,
				0BCA711C21CEFACE004D89F2 /* Day18Input.swift in Sources */,
				0B765E8F21CA266E00CC325F /* Day16.swift in Sources */,
				0B9885A821CF361C004C50FE /* Day19Input.swift in Sources */,
				0BD704EA21B27A92007D72CF /* Collections.swift in Sources */,
				0B5AD27421D07D9700890CCF /* Day20.swift in Sources */,
				0B4ED80E21BF7B0400A8F48B /* Day11.swift in Sources */,
				0BCEB45F21CB86770065AD10 /* Day17.swift in Sources */,
				0BD704D921B27A1C007D72CF /* main.swift in Sources */,
				0B4ED80621BCD80200A8F48B /* Day9.swift in Sources */,
				0BD704E921B27A92007D72CF /* TailoredDispatch.swift in Sources */,
				0B4ED80C21BE319600A8F48B /* Day10Input.swift in Sources */,
				0BCA711A21CEF9D4004D89F2 /* Day18.swift in Sources */,
				0B4ED81621C25EBD00A8F48B /* Day13.swift in Sources */,
				0BD704EB21B27A92007D72CF /* TailoredMath.swift in Sources */,
				0B4ED81421C115D700A8F48B /* Day12Input.swift in Sources */,
				0BCEB46121CB86DA0065AD10 /* Day17Input.swift in Sources */,
				0B4ED7FA21B8E45400A8F48B /* Day6.swift in Sources */,
				0B5AD27621D07DA100890CCF /* Day20Input.swift in Sources */,
				0BD7050321B5208B007D72CF /* ParsingHacks.swift in Sources */,
				0B4ED7F821B7935300A8F48B /* Day5Input.swift in Sources */,
				0B4ED81A21C63F0A00A8F48B /* Day14.swift in Sources */,
				0BD7050121B51CF8007D72CF /* Day3Input.swift in Sources */,
				0B4ED80821BCD82100A8F48B /* Day8Input.swift in Sources */,
				0B4ED81021BF7B1900A8F48B /* Day11Input.swift in Sources */,
				0B4ED81E21C6ECC900A8F48B /* Day15Input.swift in Sources */,
				0BD7050921B662AE007D72CF /* Day4Input.swift in Sources */,
				0BD704EE21B27A92007D72CF /* Day1.swift in Sources */,
				0BD7050C21B7300A007D72CF /* DebugHacks.swift in Sources */,
				0BD704F821B39364007D72CF /* Day2Input.swift in Sources */,
				0B765E9121CA2BD100CC325F /* Day16Input.swift in Sources */,
			);
			runOnlyForDeploymentPostprocessing = 0;
		};
/* End PBXSourcesBuildPhase section */

/* Begin XCBuildConfiguration section */
		0BD704DA21B27A1C007D72CF /* Debug */ = {
			isa = XCBuildConfiguration;
			buildSettings = {
				ALWAYS_SEARCH_USER_PATHS = NO;
				CLANG_ANALYZER_NONNULL = YES;
				CLANG_ANALYZER_NUMBER_OBJECT_CONVERSION = YES_AGGRESSIVE;
				CLANG_CXX_LANGUAGE_STANDARD = "gnu++14";
				CLANG_CXX_LIBRARY = "libc++";
				CLANG_ENABLE_MODULES = YES;
				CLANG_ENABLE_OBJC_ARC = YES;
				CLANG_ENABLE_OBJC_WEAK = YES;
				CLANG_WARN_BLOCK_CAPTURE_AUTORELEASING = YES;
				CLANG_WARN_BOOL_CONVERSION = YES;
				CLANG_WARN_COMMA = YES;
				CLANG_WARN_CONSTANT_CONVERSION = YES;
				CLANG_WARN_DEPRECATED_OBJC_IMPLEMENTATIONS = YES;
				CLANG_WARN_DIRECT_OBJC_ISA_USAGE = YES_ERROR;
				CLANG_WARN_DOCUMENTATION_COMMENTS = YES;
				CLANG_WARN_EMPTY_BODY = YES;
				CLANG_WARN_ENUM_CONVERSION = YES;
				CLANG_WARN_INFINITE_RECURSION = YES;
				CLANG_WARN_INT_CONVERSION = YES;
				CLANG_WARN_NON_LITERAL_NULL_CONVERSION = YES;
				CLANG_WARN_OBJC_IMPLICIT_RETAIN_SELF = YES;
				CLANG_WARN_OBJC_LITERAL_CONVERSION = YES;
				CLANG_WARN_OBJC_ROOT_CLASS = YES_ERROR;
				CLANG_WARN_RANGE_LOOP_ANALYSIS = YES;
				CLANG_WARN_STRICT_PROTOTYPES = YES;
				CLANG_WARN_SUSPICIOUS_MOVE = YES;
				CLANG_WARN_UNGUARDED_AVAILABILITY = YES_AGGRESSIVE;
				CLANG_WARN_UNREACHABLE_CODE = YES;
				CLANG_WARN__DUPLICATE_METHOD_MATCH = YES;
				CODE_SIGN_IDENTITY = "Mac Developer";
				COPY_PHASE_STRIP = NO;
				DEBUG_INFORMATION_FORMAT = dwarf;
				ENABLE_STRICT_OBJC_MSGSEND = YES;
				ENABLE_TESTABILITY = YES;
				GCC_C_LANGUAGE_STANDARD = gnu11;
				GCC_DYNAMIC_NO_PIC = NO;
				GCC_NO_COMMON_BLOCKS = YES;
				GCC_OPTIMIZATION_LEVEL = 0;
				GCC_PREPROCESSOR_DEFINITIONS = (
					"DEBUG=1",
					"$(inherited)",
				);
				GCC_WARN_64_TO_32_BIT_CONVERSION = YES;
				GCC_WARN_ABOUT_RETURN_TYPE = YES_ERROR;
				GCC_WARN_UNDECLARED_SELECTOR = YES;
				GCC_WARN_UNINITIALIZED_AUTOS = YES_AGGRESSIVE;
				GCC_WARN_UNUSED_FUNCTION = YES;
				GCC_WARN_UNUSED_VARIABLE = YES;
				MACOSX_DEPLOYMENT_TARGET = 10.14;
				MTL_ENABLE_DEBUG_INFO = INCLUDE_SOURCE;
				MTL_FAST_MATH = YES;
				ONLY_ACTIVE_ARCH = YES;
				SDKROOT = macosx;
				SWIFT_ACTIVE_COMPILATION_CONDITIONS = DEBUG;
				SWIFT_OPTIMIZATION_LEVEL = "-Onone";
			};
			name = Debug;
		};
		0BD704DB21B27A1C007D72CF /* Release */ = {
			isa = XCBuildConfiguration;
			buildSettings = {
				ALWAYS_SEARCH_USER_PATHS = NO;
				CLANG_ANALYZER_NONNULL = YES;
				CLANG_ANALYZER_NUMBER_OBJECT_CONVERSION = YES_AGGRESSIVE;
				CLANG_CXX_LANGUAGE_STANDARD = "gnu++14";
				CLANG_CXX_LIBRARY = "libc++";
				CLANG_ENABLE_MODULES = YES;
				CLANG_ENABLE_OBJC_ARC = YES;
				CLANG_ENABLE_OBJC_WEAK = YES;
				CLANG_WARN_BLOCK_CAPTURE_AUTORELEASING = YES;
				CLANG_WARN_BOOL_CONVERSION = YES;
				CLANG_WARN_COMMA = YES;
				CLANG_WARN_CONSTANT_CONVERSION = YES;
				CLANG_WARN_DEPRECATED_OBJC_IMPLEMENTATIONS = YES;
				CLANG_WARN_DIRECT_OBJC_ISA_USAGE = YES_ERROR;
				CLANG_WARN_DOCUMENTATION_COMMENTS = YES;
				CLANG_WARN_EMPTY_BODY = YES;
				CLANG_WARN_ENUM_CONVERSION = YES;
				CLANG_WARN_INFINITE_RECURSION = YES;
				CLANG_WARN_INT_CONVERSION = YES;
				CLANG_WARN_NON_LITERAL_NULL_CONVERSION = YES;
				CLANG_WARN_OBJC_IMPLICIT_RETAIN_SELF = YES;
				CLANG_WARN_OBJC_LITERAL_CONVERSION = YES;
				CLANG_WARN_OBJC_ROOT_CLASS = YES_ERROR;
				CLANG_WARN_RANGE_LOOP_ANALYSIS = YES;
				CLANG_WARN_STRICT_PROTOTYPES = YES;
				CLANG_WARN_SUSPICIOUS_MOVE = YES;
				CLANG_WARN_UNGUARDED_AVAILABILITY = YES_AGGRESSIVE;
				CLANG_WARN_UNREACHABLE_CODE = YES;
				CLANG_WARN__DUPLICATE_METHOD_MATCH = YES;
				CODE_SIGN_IDENTITY = "Mac Developer";
				COPY_PHASE_STRIP = NO;
				DEBUG_INFORMATION_FORMAT = "dwarf-with-dsym";
				ENABLE_NS_ASSERTIONS = NO;
				ENABLE_STRICT_OBJC_MSGSEND = YES;
				GCC_C_LANGUAGE_STANDARD = gnu11;
				GCC_NO_COMMON_BLOCKS = YES;
				GCC_WARN_64_TO_32_BIT_CONVERSION = YES;
				GCC_WARN_ABOUT_RETURN_TYPE = YES_ERROR;
				GCC_WARN_UNDECLARED_SELECTOR = YES;
				GCC_WARN_UNINITIALIZED_AUTOS = YES_AGGRESSIVE;
				GCC_WARN_UNUSED_FUNCTION = YES;
				GCC_WARN_UNUSED_VARIABLE = YES;
				MACOSX_DEPLOYMENT_TARGET = 10.14;
				MTL_ENABLE_DEBUG_INFO = NO;
				MTL_FAST_MATH = YES;
				SDKROOT = macosx;
				SWIFT_COMPILATION_MODE = wholemodule;
				SWIFT_OPTIMIZATION_LEVEL = "-O";
			};
			name = Release;
		};
		0BD704DD21B27A1C007D72CF /* Debug */ = {
			isa = XCBuildConfiguration;
			buildSettings = {
				CODE_SIGN_STYLE = Automatic;
				DEVELOPMENT_TEAM = Y6UFLMGTV2;
				GCC_OPTIMIZATION_LEVEL = 0;
				PRODUCT_NAME = "$(TARGET_NAME)";
				SWIFT_OPTIMIZATION_LEVEL = "-Onone";
				SWIFT_VERSION = 4.2;
			};
			name = Debug;
		};
		0BD704DE21B27A1C007D72CF /* Release */ = {
			isa = XCBuildConfiguration;
			buildSettings = {
				CODE_SIGN_STYLE = Automatic;
				DEVELOPMENT_TEAM = Y6UFLMGTV2;
				PRODUCT_NAME = "$(TARGET_NAME)";
				SWIFT_OPTIMIZATION_LEVEL = "-Onone";
				SWIFT_VERSION = 4.2;
			};
			name = Release;
		};
/* End XCBuildConfiguration section */

/* Begin XCConfigurationList section */
		0BD704D021B27A1C007D72CF /* Build configuration list for PBXProject "AdventOfCode - Swift 2018" */ = {
			isa = XCConfigurationList;
			buildConfigurations = (
				0BD704DA21B27A1C007D72CF /* Debug */,
				0BD704DB21B27A1C007D72CF /* Release */,
			);
			defaultConfigurationIsVisible = 0;
			defaultConfigurationName = Release;
		};
		0BD704DC21B27A1C007D72CF /* Build configuration list for PBXNativeTarget "AdventOfCode - Swift 2018" */ = {
			isa = XCConfigurationList;
			buildConfigurations = (
				0BD704DD21B27A1C007D72CF /* Debug */,
				0BD704DE21B27A1C007D72CF /* Release */,
			);
			defaultConfigurationIsVisible = 0;
			defaultConfigurationName = Release;
		};
/* End XCConfigurationList section */
	};
	rootObject = 0BD704CD21B27A1C007D72CF /* Project object */;
}
